{
  "name": "space-debris-shared",
  "lockfileVersion": 3,
  "requires": true,
  "packages": {
    "": {
      "name": "space-debris-shared",
      "dependencies": {
        "satellite.js": "^7.1.0"
      }
    },
    "node_modules/satellite.js": {
      "version": "7.1.0",
      "resolved": "https://registry.npmjs.org/satellite.js/-/satellite.js-7.1.0.tgz",
      "integrity": "sha512-U6nRml9Nb7dV9LJPiMNPyna7U7ry+1nXYkOeCEG7K/YbojQQLHHmcjPisp03VNY+HLcbQHqbt7t4t1vQMaKCLQ==",
      "license": "MIT"
    }
  }
}
